// !$*UTF8*$!
{
	archiveVersion = 1;
	classes = {
	};
	objectVersion = 50;
	objects = {

/* Begin PBXBuildFile section */
		99BD448C23F4B8CC00004131 /* AppDelegate.swift in Sources */ = {isa = PBXBuildFile; fileRef = 99BD448B23F4B8CC00004131 /* AppDelegate.swift */; };
		99BD448E23F4B8CC00004131 /* SceneDelegate.swift in Sources */ = {isa = PBXBuildFile; fileRef = 99BD448D23F4B8CC00004131 /* SceneDelegate.swift */; };
		99BD449023F4B8CC00004131 /* ContentView.swift in Sources */ = {isa = PBXBuildFile; fileRef = 99BD448F23F4B8CC00004131 /* ContentView.swift */; };
		99BD449223F4B8D000004131 /* Assets.xcassets in Resources */ = {isa = PBXBuildFile; fileRef = 99BD449123F4B8D000004131 /* Assets.xcassets */; };
		99BD449523F4B8D000004131 /* Preview Assets.xcassets in Resources */ = {isa = PBXBuildFile; fileRef = 99BD449423F4B8D000004131 /* Preview Assets.xcassets */; };
		99BD449823F4B8D000004131 /* LaunchScreen.storyboard in Resources */ = {isa = PBXBuildFile; fileRef = 99BD449623F4B8D000004131 /* LaunchScreen.storyboard */; };
		99BD44A223F4BE1100004131 /* Coordinator.swift in Sources */ = {isa = PBXBuildFile; fileRef = 99BD44A123F4BE1100004131 /* Coordinator.swift */; };
/* End PBXBuildFile section */

/* Begin PBXFileReference section */
		99BD448823F4B8CC00004131 /* Pixlation.app */ = {isa = PBXFileReference; explicitFileType = wrapper.application; includeInIndex = 0; path = Pixlation.app; sourceTree = BUILT_PRODUCTS_DIR; };
		99BD448B23F4B8CC00004131 /* AppDelegate.swift */ = {isa = PBXFileReference; lastKnownFileType = sourcecode.swift; path = AppDelegate.swift; sourceTree = "<group>"; };
		99BD448D23F4B8CC00004131 /* SceneDelegate.swift */ = {isa = PBXFileReference; lastKnownFileType = sourcecode.swift; path = SceneDelegate.swift; sourceTree = "<group>"; };
		99BD448F23F4B8CC00004131 /* ContentView.swift */ = {isa = PBXFileReference; lastKnownFileType = sourcecode.swift; path = ContentView.swift; sourceTree = "<group>"; };
		99BD449123F4B8D000004131 /* Assets.xcassets */ = {isa = PBXFileReference; lastKnownFileType = folder.assetcatalog; path = Assets.xcassets; sourceTree = "<group>"; };
		99BD449423F4B8D000004131 /* Preview Assets.xcassets */ = {isa = PBXFileReference; lastKnownFileType = folder.assetcatalog; path = "Preview Assets.xcassets"; sourceTree = "<group>"; };
		99BD449723F4B8D000004131 /* Base */ = {isa = PBXFileReference; lastKnownFileType = file.storyboard; name = Base; path = Base.lproj/LaunchScreen.storyboard; sourceTree = "<group>"; };
		99BD449923F4B8D000004131 /* Info.plist */ = {isa = PBXFileReference; lastKnownFileType = text.plist.xml; path = Info.plist; sourceTree = "<group>"; };
		99BD44A123F4BE1100004131 /* Coordinator.swift */ = {isa = PBXFileReference; lastKnownFileType = sourcecode.swift; path = Coordinator.swift; sourceTree = "<group>"; };
/* End PBXFileReference section */

/* Begin PBXFrameworksBuildPhase section */
		99BD448523F4B8CC00004131 /* Frameworks */ = {
			isa = PBXFrameworksBuildPhase;
			buildActionMask = 2147483647;
			files = (
			);
			runOnlyForDeploymentPostprocessing = 0;
		};
/* End PBXFrameworksBuildPhase section */

/* Begin PBXGroup section */
		99BD447F23F4B8CC00004131 = {
			isa = PBXGroup;
			children = (
				99BD448A23F4B8CC00004131 /* Pixlation */,
				99BD448923F4B8CC00004131 /* Products */,
			);
			sourceTree = "<group>";
		};
		99BD448923F4B8CC00004131 /* Products */ = {
			isa = PBXGroup;
			children = (
				99BD448823F4B8CC00004131 /* Pixlation.app */,
			);
			name = Products;
			sourceTree = "<group>";
		};
		99BD448A23F4B8CC00004131 /* Pixlation */ = {
			isa = PBXGroup;
			children = (
				99BD44A123F4BE1100004131 /* Coordinator.swift */,
				99BD448B23F4B8CC00004131 /* AppDelegate.swift */,
				99BD448D23F4B8CC00004131 /* SceneDelegate.swift */,
				99BD448F23F4B8CC00004131 /* ContentView.swift */,
				99BD449123F4B8D000004131 /* Assets.xcassets */,
				99BD449623F4B8D000004131 /* LaunchScreen.storyboard */,
				99BD449923F4B8D000004131 /* Info.plist */,
				99BD449323F4B8D000004131 /* Preview Content */,
			);
			path = Pixlation;
			sourceTree = "<group>";
		};
		99BD449323F4B8D000004131 /* Preview Content */ = {
			isa = PBXGroup;
			children = (
				99BD449423F4B8D000004131 /* Preview Assets.xcassets */,
			);
			path = "Preview Content";
			sourceTree = "<group>";
		};
/* End PBXGroup section */

/* Begin PBXNativeTarget section */
		99BD448723F4B8CC00004131 /* Pixlation */ = {
			isa = PBXNativeTarget;
			buildConfigurationList = 99BD449C23F4B8D000004131 /* Build configuration list for PBXNativeTarget "Pixlation" */;
			buildPhases = (
				99BD448423F4B8CC00004131 /* Sources */,
				99BD448523F4B8CC00004131 /* Frameworks */,
				99BD448623F4B8CC00004131 /* Resources */,
			);
			buildRules = (
			);
			dependencies = (
			);
			name = Pixlation;
			productName = Pixlation;
			productReference = 99BD448823F4B8CC00004131 /* Pixlation.app */;
			productType = "com.apple.product-type.application";
		};
/* End PBXNativeTarget section */

/* Begin PBXProject section */
		99BD448023F4B8CC00004131 /* Project object */ = {
			isa = PBXProject;
			attributes = {
				LastSwiftUpdateCheck = 1130;
				LastUpgradeCheck = 1130;
				ORGANIZATIONNAME = "Chelsie Eiden";
				TargetAttributes = {
					99BD448723F4B8CC00004131 = {
						CreatedOnToolsVersion = 11.3.1;
					};
				};
			};
			buildConfigurationList = 99BD448323F4B8CC00004131 /* Build configuration list for PBXProject "Pixlation" */;
			compatibilityVersion = "Xcode 9.3";
			developmentRegion = en;
			hasScannedForEncodings = 0;
			knownRegions = (
				en,
				Base,
			);
			mainGroup = 99BD447F23F4B8CC00004131;
			productRefGroup = 99BD448923F4B8CC00004131 /* Products */;
			projectDirPath = "";
			projectRoot = "";
			targets = (
				99BD448723F4B8CC00004131 /* Pixlation */,
			);
		};
/* End PBXProject section */

/* Begin PBXResourcesBuildPhase section */
		99BD448623F4B8CC00004131 /* Resources */ = {
			isa = PBXResourcesBuildPhase;
			buildActionMask = 2147483647;
			files = (
				99BD449823F4B8D000004131 /* LaunchScreen.storyboard in Resources */,
				99BD449523F4B8D000004131 /* Preview Assets.xcassets in Resources */,
				99BD449223F4B8D000004131 /* Assets.xcassets in Resources */,
			);
			runOnlyForDeploymentPostprocessing = 0;
		};
/* End PBXResourcesBuildPhase section */

/* Begin PBXSourcesBuildPhase section */
		99BD448423F4B8CC00004131 /* Sources */ = {
			isa = PBXSourcesBuildPhase;
			buildActionMask = 2147483647;
			files = (
				99BD448C23F4B8CC00004131 /* AppDelegate.swift in Sources */,
				99BD448E23F4B8CC00004131 /* SceneDelegate.swift in Sources */,
				99BD44A223F4BE1100004131 /* Coordinator.swift in Sources */,
				99BD449023F4B8CC00004131 /* ContentView.swift in Sources */,
			);
			runOnlyForDeploymentPostprocessing = 0;
		};
/* End PBXSourcesBuildPhase section */

/* Begin PBXVariantGroup section */
		99BD449623F4B8D000004131 /* LaunchScreen.storyboard */ = {
			isa = PBXVariantGroup;
			children = (
				99BD449723F4B8D000004131 /* Base */,
			);
			name = LaunchScreen.storyboard;
			sourceTree = "<group>";
		};
/* End PBXVariantGroup section */

/* Begin XCBuildConfiguration section */
		99BD449A23F4B8D000004131 /* Debug */ = {
			isa = XCBuildConfiguration;
			buildSettings = {
				ALWAYS_SEARCH_USER_PATHS = NO;
				CLANG_ANALYZER_NONNULL = YES;
				CLANG_ANALYZER_NUMBER_OBJECT_CONVERSION = YES_AGGRESSIVE;
				CLANG_CXX_LANGUAGE_STANDARD = "gnu++14";
				CLANG_CXX_LIBRARY = "libc++";
				CLANG_ENABLE_MODULES = YES;
				CLANG_ENABLE_OBJC_ARC = YES;
				CLANG_ENABLE_OBJC_WEAK = YES;
				CLANG_WARN_BLOCK_CAPTURE_AUTORELEASING = YES;
				CLANG_WARN_BOOL_CONVERSION = YES;
				CLANG_WARN_COMMA = YES;
				CLANG_WARN_CONSTANT_CONVERSION = YES;
				CLANG_WARN_DEPRECATED_OBJC_IMPLEMENTATIONS = YES;
				CLANG_WARN_DIRECT_OBJC_ISA_USAGE = YES_ERROR;
				CLANG_WARN_DOCUMENTATION_COMMENTS = YES;
				CLANG_WARN_EMPTY_BODY = YES;
				CLANG_WARN_ENUM_CONVERSION = YES;
				CLANG_WARN_INFINITE_RECURSION = YES;
				CLANG_WARN_INT_CONVERSION = YES;
				CLANG_WARN_NON_LITERAL_NULL_CONVERSION = YES;
				CLANG_WARN_OBJC_IMPLICIT_RETAIN_SELF = YES;
				CLANG_WARN_OBJC_LITERAL_CONVERSION = YES;
				CLANG_WARN_OBJC_ROOT_CLASS = YES_ERROR;
				CLANG_WARN_RANGE_LOOP_ANALYSIS = YES;
				CLANG_WARN_STRICT_PROTOTYPES = YES;
				CLANG_WARN_SUSPICIOUS_MOVE = YES;
				CLANG_WARN_UNGUARDED_AVAILABILITY = YES_AGGRESSIVE;
				CLANG_WARN_UNREACHABLE_CODE = YES;
				CLANG_WARN__DUPLICATE_METHOD_MATCH = YES;
				COPY_PHASE_STRIP = NO;
				DEBUG_INFORMATION_FORMAT = dwarf;
				ENABLE_STRICT_OBJC_MSGSEND = YES;
				ENABLE_TESTABILITY = YES;
				GCC_C_LANGUAGE_STANDARD = gnu11;
				GCC_DYNAMIC_NO_PIC = NO;
				GCC_NO_COMMON_BLOCKS = YES;
				GCC_OPTIMIZATION_LEVEL = 0;
				GCC_PREPROCESSOR_DEFINITIONS = (
					"DEBUG=1",
					"$(inherited)",
				);
				GCC_WARN_64_TO_32_BIT_CONVERSION = YES;
				GCC_WARN_ABOUT_RETURN_TYPE = YES_ERROR;
				GCC_WARN_UNDECLARED_SELECTOR = YES;
				GCC_WARN_UNINITIALIZED_AUTOS = YES_AGGRESSIVE;
				GCC_WARN_UNUSED_FUNCTION = YES;
				GCC_WARN_UNUSED_VARIABLE = YES;
				IPHONEOS_DEPLOYMENT_TARGET = 13.2;
				MTL_ENABLE_DEBUG_INFO = INCLUDE_SOURCE;
				MTL_FAST_MATH = YES;
				ONLY_ACTIVE_ARCH = YES;
				SDKROOT = iphoneos;
				SWIFT_ACTIVE_COMPILATION_CONDITIONS = DEBUG;
				SWIFT_OPTIMIZATION_LEVEL = "-Onone";
			};
			name = Debug;
		};
		99BD449B23F4B8D000004131 /* Release */ = {
			isa = XCBuildConfiguration;
			buildSettings = {
				ALWAYS_SEARCH_USER_PATHS = NO;
				CLANG_ANALYZER_NONNULL = YES;
				CLANG_ANALYZER_NUMBER_OBJECT_CONVERSION = YES_AGGRESSIVE;
				CLANG_CXX_LANGUAGE_STANDARD = "gnu++14";
				CLANG_CXX_LIBRARY = "libc++";
				CLANG_ENABLE_MODULES = YES;
				CLANG_ENABLE_OBJC_ARC = YES;
				CLANG_ENABLE_OBJC_WEAK = YES;
				CLANG_WARN_BLOCK_CAPTURE_AUTORELEASING = YES;
				CLANG_WARN_BOOL_CONVERSION = YES;
				CLANG_WARN_COMMA = YES;
				CLANG_WARN_CONSTANT_CONVERSION = YES;
				CLANG_WARN_DEPRECATED_OBJC_IMPLEMENTATIONS = YES;
				CLANG_WARN_DIRECT_OBJC_ISA_USAGE = YES_ERROR;
				CLANG_WARN_DOCUMENTATION_COMMENTS = YES;
				CLANG_WARN_EMPTY_BODY = YES;
				CLANG_WARN_ENUM_CONVERSION = YES;
				CLANG_WARN_INFINITE_RECURSION = YES;
				CLANG_WARN_INT_CONVERSION = YES;
				CLANG_WARN_NON_LITERAL_NULL_CONVERSION = YES;
				CLANG_WARN_OBJC_IMPLICIT_RETAIN_SELF = YES;
				CLANG_WARN_OBJC_LITERAL_CONVERSION = YES;
				CLANG_WARN_OBJC_ROOT_CLASS = YES_ERROR;
				CLANG_WARN_RANGE_LOOP_ANALYSIS = YES;
				CLANG_WARN_STRICT_PROTOTYPES = YES;
				CLANG_WARN_SUSPICIOUS_MOVE = YES;
				CLANG_WARN_UNGUARDED_AVAILABILITY = YES_AGGRESSIVE;
				CLANG_WARN_UNREACHABLE_CODE = YES;
				CLANG_WARN__DUPLICATE_METHOD_MATCH = YES;
				COPY_PHASE_STRIP = NO;
				DEBUG_INFORMATION_FORMAT = "dwarf-with-dsym";
				ENABLE_NS_ASSERTIONS = NO;
				ENABLE_STRICT_OBJC_MSGSEND = YES;
				GCC_C_LANGUAGE_STANDARD = gnu11;
				GCC_NO_COMMON_BLOCKS = YES;
				GCC_WARN_64_TO_32_BIT_CONVERSION = YES;
				GCC_WARN_ABOUT_RETURN_TYPE = YES_ERROR;
				GCC_WARN_UNDECLARED_SELECTOR = YES;
				GCC_WARN_UNINITIALIZED_AUTOS = YES_AGGRESSIVE;
				GCC_WARN_UNUSED_FUNCTION = YES;
				GCC_WARN_UNUSED_VARIABLE = YES;
				IPHONEOS_DEPLOYMENT_TARGET = 13.2;
				MTL_ENABLE_DEBUG_INFO = NO;
				MTL_FAST_MATH = YES;
				SDKROOT = iphoneos;
				SWIFT_COMPILATION_MODE = wholemodule;
				SWIFT_OPTIMIZATION_LEVEL = "-O";
				VALIDATE_PRODUCT = YES;
			};
			name = Release;
		};
		99BD449D23F4B8D000004131 /* Debug */ = {
			isa = XCBuildConfiguration;
			buildSettings = {
				ASSETCATALOG_COMPILER_APPICON_NAME = AppIcon;
				CODE_SIGN_STYLE = Automatic;
				DEVELOPMENT_ASSET_PATHS = "\"Pixlation/Preview Content\"";
				DEVELOPMENT_TEAM = 4ZM6V9LV8K;
				ENABLE_PREVIEWS = YES;
				INFOPLIST_FILE = Pixlation/Info.plist;
				LD_RUNPATH_SEARCH_PATHS = (
					"$(inherited)",
					"@executable_path/Frameworks",
				);
				PRODUCT_BUNDLE_IDENTIFIER = Chelsie.Pixlation;
				PRODUCT_NAME = "$(TARGET_NAME)";
				SWIFT_VERSION = 5.0;
				TARGETED_DEVICE_FAMILY = "1,2";
			};
			name = Debug;
		};
		99BD449E23F4B8D000004131 /* Release */ = {
			isa = XCBuildConfiguration;
			buildSettings = {
				ASSETCATALOG_COMPILER_APPICON_NAME = AppIcon;
				CODE_SIGN_STYLE = Automatic;
				DEVELOPMENT_ASSET_PATHS = "\"Pixlation/Preview Content\"";
				DEVELOPMENT_TEAM = 4ZM6V9LV8K;
				ENABLE_PREVIEWS = YES;
				INFOPLIST_FILE = Pixlation/Info.plist;
				LD_RUNPATH_SEARCH_PATHS = (
					"$(inherited)",
					"@executable_path/Frameworks",
				);
				PRODUCT_BUNDLE_IDENTIFIER = Chelsie.Pixlation;
				PRODUCT_NAME = "$(TARGET_NAME)";
				SWIFT_VERSION = 5.0;
				TARGETED_DEVICE_FAMILY = "1,2";
			};
			name = Release;
		};
/* End XCBuildConfiguration section */

/* Begin XCConfigurationList section */
		99BD448323F4B8CC00004131 /* Build configuration list for PBXProject "Pixlation" */ = {
			isa = XCConfigurationList;
			buildConfigurations = (
				99BD449A23F4B8D000004131 /* Debug */,
				99BD449B23F4B8D000004131 /* Release */,
			);
			defaultConfigurationIsVisible = 0;
			defaultConfigurationName = Release;
		};
		99BD449C23F4B8D000004131 /* Build configuration list for PBXNativeTarget "Pixlation" */ = {
			isa = XCConfigurationList;
			buildConfigurations = (
				99BD449D23F4B8D000004131 /* Debug */,
				99BD449E23F4B8D000004131 /* Release */,
			);
			defaultConfigurationIsVisible = 0;
			defaultConfigurationName = Release;
		};
/* End XCConfigurationList section */
	};
	rootObject = 99BD448023F4B8CC00004131 /* Project object */;
}
